
Microsoft Visual Studio Solution File, Format Version 12.00
# Visual Studio 15
VisualStudioVersion = 15.0.27130.2010
MinimumVisualStudioVersion = 10.0.40219.1
Project("{FAE04EC0-301F-11D3-BF4B-00C04F79EFBC}") = "Support Bot", "Support Bot\Support Bot.csproj", "{B3934132-6379-4382-8CAC-85585D84F6FC}"
EndProject
Global
	GlobalSection(SolutionConfigurationPlatforms) = preSolution
		Debug|Any CPU = Debug|Any CPU
		Release|Any CPU = Release|Any CPU
	EndGlobalSection
	GlobalSection(ProjectConfigurationPlatforms) = postSolution
		{B3934132-6379-4382-8CAC-85585D84F6FC}.Debug|Any CPU.ActiveCfg = Debug|Any CPU
		{B3934132-6379-4382-8CAC-85585D84F6FC}.Debug|Any CPU.Build.0 = Debug|Any CPU
		{B3934132-6379-4382-8CAC-85585D84F6FC}.Release|Any CPU.ActiveCfg = Release|Any CPU
		{B3934132-6379-4382-8CAC-85585D84F6FC}.Release|Any CPU.Build.0 = Release|Any CPU
	EndGlobalSection
	GlobalSection(SolutionProperties) = preSolution
		HideSolutionNode = FALSE
	EndGlobalSection
	GlobalSection(ExtensibilityGlobals) = postSolution
		SolutionGuid = {2D4625C9-DC91-4923-8798-C7975118D00B}
	EndGlobalSection
EndGlobal
